
Microsoft Visual Studio Solution File, Format Version 12.00
# Visual Studio Version 17
VisualStudioVersion = 17.8.34330.188
MinimumVisualStudioVersion = 10.0.40219.1
Project("{FAE04EC0-301F-11D3-BF4B-00C04F79EFBC}") = "MyProject", "MyProject.csproj", "{50B190A0-2DB0-47DF-8173-39F47BF9E343}"
EndProject
Project("{FAE04EC0-301F-11D3-BF4B-00C04F79EFBC}") = "MyTestProject", "..\MyTestProject\MyTestProject.csproj", "{B4042E30-5F23-41F5-83A1-6DEC21F62240}"
EndProject
Global
	GlobalSection(SolutionConfigurationPlatforms) = preSolution
		Debug|Any CPU = Debug|Any CPU
		Release|Any CPU = Release|Any CPU
	EndGlobalSection
	GlobalSection(ProjectConfigurationPlatforms) = postSolution
		{50B190A0-2DB0-47DF-8173-39F47BF9E343}.Debug|Any CPU.ActiveCfg = Debug|Any CPU
		{50B190A0-2DB0-47DF-8173-39F47BF9E343}.Debug|Any CPU.Build.0 = Debug|Any CPU
		{50B190A0-2DB0-47DF-8173-39F47BF9E343}.Release|Any CPU.ActiveCfg = Release|Any CPU
		{50B190A0-2DB0-47DF-8173-39F47BF9E343}.Release|Any CPU.Build.0 = Release|Any CPU
		{B4042E30-5F23-41F5-83A1-6DEC21F62240}.Debug|Any CPU.ActiveCfg = Debug|Any CPU
		{B4042E30-5F23-41F5-83A1-6DEC21F62240}.Debug|Any CPU.Build.0 = Debug|Any CPU
		{B4042E30-5F23-41F5-83A1-6DEC21F62240}.Release|Any CPU.ActiveCfg = Release|Any CPU
		{B4042E30-5F23-41F5-83A1-6DEC21F62240}.Release|Any CPU.Build.0 = Release|Any CPU
	EndGlobalSection
	GlobalSection(SolutionProperties) = preSolution
		HideSolutionNode = FALSE
	EndGlobalSection
	GlobalSection(ExtensibilityGlobals) = postSolution
		SolutionGuid = {F34D6231-5476-4F96-9D0B-B75AF76202C4}
	EndGlobalSection
EndGlobal
